
Microsoft Visual Studio Solution File, Format Version 12.00
# Visual Studio Version 16
VisualStudioVersion = 16.0.28407.52
MinimumVisualStudioVersion = 10.0.40219.1
Project("{FAE04EC0-301F-11D3-BF4B-00C04F79EFBC}") = "XamarinLiteDB.UWP", "XamarinLiteDB\XamarinLiteDB.UWP\XamarinLiteDB.UWP.csproj", "{D7A1C372-F351-4533-954C-8E4A844FD2E8}"
EndProject
Project("{FAE04EC0-301F-11D3-BF4B-00C04F79EFBC}") = "XamarinLiteDB.Android", "XamarinLiteDB\XamarinLiteDB.Android\XamarinLiteDB.Android.csproj", "{2D4DF8BA-7C9A-44F4-80AC-E1BBC9A4432B}"
EndProject
Project("{FAE04EC0-301F-11D3-BF4B-00C04F79EFBC}") = "XamarinLiteDB.iOS", "XamarinLiteDB\XamarinLiteDB.iOS\XamarinLiteDB.iOS.csproj", "{0132C845-042E-42D4-9CB1-A80304A7C5A5}"
EndProject
Project("{FAE04EC0-301F-11D3-BF4B-00C04F79EFBC}") = "XamarinLiteDB", "XamarinLiteDB\XamarinLiteDB\XamarinLiteDB.csproj", "{79380AE8-0DA7-451A-9849-8D0FBEF3F4B3}"
EndProject
Global
	GlobalSection(SolutionConfigurationPlatforms) = preSolution
		Ad-Hoc|Any CPU = Ad-Hoc|Any CPU
		Ad-Hoc|ARM = Ad-Hoc|ARM
		Ad-Hoc|iPhone = Ad-Hoc|iPhone
		Ad-Hoc|iPhoneSimulator = Ad-Hoc|iPhoneSimulator
		Ad-Hoc|x64 = Ad-Hoc|x64
		Ad-Hoc|x86 = Ad-Hoc|x86
		AppStore|Any CPU = AppStore|Any CPU
		AppStore|ARM = AppStore|ARM
		AppStore|iPhone = AppStore|iPhone
		AppStore|iPhoneSimulator = AppStore|iPhoneSimulator
		AppStore|x64 = AppStore|x64
		AppStore|x86 = AppStore|x86
		Debug|Any CPU = Debug|Any CPU
		Debug|ARM = Debug|ARM
		Debug|iPhone = Debug|iPhone
		Debug|iPhoneSimulator = Debug|iPhoneSimulator
		Debug|x64 = Debug|x64
		Debug|x86 = Debug|x86
		Release|Any CPU = Release|Any CPU
		Release|ARM = Release|ARM
		Release|iPhone = Release|iPhone
		Release|iPhoneSimulator = Release|iPhoneSimulator
		Release|x64 = Release|x64
		Release|x86 = Release|x86
	EndGlobalSection
	GlobalSection(ProjectConfigurationPlatforms) = postSolution
		{D7A1C372-F351-4533-954C-8E4A844FD2E8}.Ad-Hoc|Any CPU.ActiveCfg = Release|x86
		{D7A1C372-F351-4533-954C-8E4A844FD2E8}.Ad-Hoc|Any CPU.Build.0 = Release|x86
		{D7A1C372-F351-4533-954C-8E4A844FD2E8}.Ad-Hoc|Any CPU.Deploy.0 = Release|x86
		{D7A1C372-F351-4533-954C-8E4A844FD2E8}.Ad-Hoc|ARM.ActiveCfg = Release|ARM
		{D7A1C372-F351-4533-954C-8E4A844FD2E8}.Ad-Hoc|ARM.Build.0 = Release|ARM
		{D7A1C372-F351-4533-954C-8E4A844FD2E8}.Ad-Hoc|ARM.Deploy.0 = Release|ARM
		{D7A1C372-F351-4533-954C-8E4A844FD2E8}.Ad-Hoc|iPhone.ActiveCfg = Release|x86
		{D7A1C372-F351-4533-954C-8E4A844FD2E8}.Ad-Hoc|iPhone.Build.0 = Release|x86
		{D7A1C372-F351-4533-954C-8E4A844FD2E8}.Ad-Hoc|iPhone.Deploy.0 = Release|x86
		{D7A1C372-F351-4533-954C-8E4A844FD2E8}.Ad-Hoc|iPhoneSimulator.ActiveCfg = Release|x86
		{D7A1C372-F351-4533-954C-8E4A844FD2E8}.Ad-Hoc|iPhoneSimulator.Build.0 = Release|x86
		{D7A1C372-F351-4533-954C-8E4A844FD2E8}.Ad-Hoc|iPhoneSimulator.Deploy.0 = Release|x86
		{D7A1C372-F351-4533-954C-8E4A844FD2E8}.Ad-Hoc|x64.ActiveCfg = Release|x64
		{D7A1C372-F351-4533-954C-8E4A844FD2E8}.Ad-Hoc|x64.Build.0 = Release|x64
		{D7A1C372-F351-4533-954C-8E4A844FD2E8}.Ad-Hoc|x64.Deploy.0 = Release|x64
		{D7A1C372-F351-4533-954C-8E4A844FD2E8}.Ad-Hoc|x86.ActiveCfg = Release|x86
		{D7A1C372-F351-4533-954C-8E4A844FD2E8}.Ad-Hoc|x86.Build.0 = Release|x86
		{D7A1C372-F351-4533-954C-8E4A844FD2E8}.Ad-Hoc|x86.Deploy.0 = Release|x86
		{D7A1C372-F351-4533-954C-8E4A844FD2E8}.AppStore|Any CPU.ActiveCfg = Release|x86
		{D7A1C372-F351-4533-954C-8E4A844FD2E8}.AppStore|Any CPU.Build.0 = Release|x86
		{D7A1C372-F351-4533-954C-8E4A844FD2E8}.AppStore|Any CPU.Deploy.0 = Release|x86
		{D7A1C372-F351-4533-954C-8E4A844FD2E8}.AppStore|ARM.ActiveCfg = Release|ARM
		{D7A1C372-F351-4533-954C-8E4A844FD2E8}.AppStore|ARM.Build.0 = Release|ARM
		{D7A1C372-F351-4533-954C-8E4A844FD2E8}.AppStore|ARM.Deploy.0 = Release|ARM
		{D7A1C372-F351-4533-954C-8E4A844FD2E8}.AppStore|iPhone.ActiveCfg = Release|x86
		{D7A1C372-F351-4533-954C-8E4A844FD2E8}.AppStore|iPhone.Build.0 = Release|x86
		{D7A1C372-F351-4533-954C-8E4A844FD2E8}.AppStore|iPhone.Deploy.0 = Release|x86
		{D7A1C372-F351-4533-954C-8E4A844FD2E8}.AppStore|iPhoneSimulator.ActiveCfg = Release|x86
		{D7A1C372-F351-4533-954C-8E4A844FD2E8}.AppStore|iPhoneSimulator.Build.0 = Release|x86
		{D7A1C372-F351-4533-954C-8E4A844FD2E8}.AppStore|iPhoneSimulator.Deploy.0 = Release|x86
		{D7A1C372-F351-4533-954C-8E4A844FD2E8}.AppStore|x64.ActiveCfg = Release|x64
		{D7A1C372-F351-4533-954C-8E4A844FD2E8}.AppStore|x64.Build.0 = Release|x64
		{D7A1C372-F351-4533-954C-8E4A844FD2E8}.AppStore|x64.Deploy.0 = Release|x64
		{D7A1C372-F351-4533-954C-8E4A844FD2E8}.AppStore|x86.ActiveCfg = Release|x86
		{D7A1C372-F351-4533-954C-8E4A844FD2E8}.AppStore|x86.Build.0 = Release|x86
		{D7A1C372-F351-4533-954C-8E4A844FD2E8}.AppStore|x86.Deploy.0 = Release|x86
		{D7A1C372-F351-4533-954C-8E4A844FD2E8}.Debug|Any CPU.ActiveCfg = Debug|x86
		{D7A1C372-F351-4533-954C-8E4A844FD2E8}.Debug|Any CPU.Build.0 = Debug|x86
		{D7A1C372-F351-4533-954C-8E4A844FD2E8}.Debug|Any CPU.Deploy.0 = Debug|x86
		{D7A1C372-F351-4533-954C-8E4A844FD2E8}.Debug|ARM.ActiveCfg = Debug|ARM
		{D7A1C372-F351-4533-954C-8E4A844FD2E8}.Debug|ARM.Build.0 = Debug|ARM
		{D7A1C372-F351-4533-954C-8E4A844FD2E8}.Debug|ARM.Deploy.0 = Debug|ARM
		{D7A1C372-F351-4533-954C-8E4A844FD2E8}.Debug|iPhone.ActiveCfg = Debug|x86
		{D7A1C372-F351-4533-954C-8E4A844FD2E8}.Debug|iPhone.Build.0 = Debug|x86
		{D7A1C372-F351-4533-954C-8E4A844FD2E8}.Debug|iPhone.Deploy.0 = Debug|x86
		{D7A1C372-F351-4533-954C-8E4A844FD2E8}.Debug|iPhoneSimulator.ActiveCfg = Debug|x86
		{D7A1C372-F351-4533-954C-8E4A844FD2E8}.Debug|iPhoneSimulator.Build.0 = Debug|x86
		{D7A1C372-F351-4533-954C-8E4A844FD2E8}.Debug|iPhoneSimulator.Deploy.0 = Debug|x86
		{D7A1C372-F351-4533-954C-8E4A844FD2E8}.Debug|x64.ActiveCfg = Debug|x64
		{D7A1C372-F351-4533-954C-8E4A844FD2E8}.Debug|x64.Build.0 = Debug|x64
		{D7A1C372-F351-4533-954C-8E4A844FD2E8}.Debug|x64.Deploy.0 = Debug|x64
		{D7A1C372-F351-4533-954C-8E4A844FD2E8}.Debug|x86.ActiveCfg = Debug|x86
		{D7A1C372-F351-4533-954C-8E4A844FD2E8}.Debug|x86.Build.0 = Debug|x86
		{D7A1C372-F351-4533-954C-8E4A844FD2E8}.Debug|x86.Deploy.0 = Debug|x86
		{D7A1C372-F351-4533-954C-8E4A844FD2E8}.Release|Any CPU.ActiveCfg = Release|x86
		{D7A1C372-F351-4533-954C-8E4A844FD2E8}.Release|Any CPU.Build.0 = Release|x86
		{D7A1C372-F351-4533-954C-8E4A844FD2E8}.Release|Any CPU.Deploy.0 = Release|x86
		{D7A1C372-F351-4533-954C-8E4A844FD2E8}.Release|ARM.ActiveCfg = Release|ARM
		{D7A1C372-F351-4533-954C-8E4A844FD2E8}.Release|ARM.Build.0 = Release|ARM
		{D7A1C372-F351-4533-954C-8E4A844FD2E8}.Release|ARM.Deploy.0 = Release|ARM
		{D7A1C372-F351-4533-954C-8E4A844FD2E8}.Release|iPhone.ActiveCfg = Release|x86
		{D7A1C372-F351-4533-954C-8E4A844FD2E8}.Release|iPhone.Build.0 = Release|x86
		{D7A1C372-F351-4533-954C-8E4A844FD2E8}.Release|iPhone.Deploy.0 = Release|x86
		{D7A1C372-F351-4533-954C-8E4A844FD2E8}.Release|iPhoneSimulator.ActiveCfg = Release|x86
		{D7A1C372-F351-4533-954C-8E4A844FD2E8}.Release|iPhoneSimulator.Build.0 = Release|x86
		{D7A1C372-F351-4533-954C-8E4A844FD2E8}.Release|iPhoneSimulator.Deploy.0 = Release|x86
		{D7A1C372-F351-4533-954C-8E4A844FD2E8}.Release|x64.ActiveCfg = Release|x64
		{D7A1C372-F351-4533-954C-8E4A844FD2E8}.Release|x64.Build.0 = Release|x64
		{D7A1C372-F351-4533-954C-8E4A844FD2E8}.Release|x64.Deploy.0 = Release|x64
		{D7A1C372-F351-4533-954C-8E4A844FD2E8}.Release|x86.ActiveCfg = Release|x86
		{D7A1C372-F351-4533-954C-8E4A844FD2E8}.Release|x86.Build.0 = Release|x86
		{D7A1C372-F351-4533-954C-8E4A844FD2E8}.Release|x86.Deploy.0 = Release|x86
		{2D4DF8BA-7C9A-44F4-80AC-E1BBC9A4432B}.Ad-Hoc|Any CPU.ActiveCfg = Release|Any CPU
		{2D4DF8BA-7C9A-44F4-80AC-E1BBC9A4432B}.Ad-Hoc|Any CPU.Build.0 = Release|Any CPU
		{2D4DF8BA-7C9A-44F4-80AC-E1BBC9A4432B}.Ad-Hoc|Any CPU.Deploy.0 = Release|Any CPU
		{2D4DF8BA-7C9A-44F4-80AC-E1BBC9A4432B}.Ad-Hoc|ARM.ActiveCfg = Release|Any CPU
		{2D4DF8BA-7C9A-44F4-80AC-E1BBC9A4432B}.Ad-Hoc|ARM.Build.0 = Release|Any CPU
		{2D4DF8BA-7C9A-44F4-80AC-E1BBC9A4432B}.Ad-Hoc|ARM.Deploy.0 = Release|Any CPU
		{2D4DF8BA-7C9A-44F4-80AC-E1BBC9A4432B}.Ad-Hoc|iPhone.ActiveCfg = Release|Any CPU
		{2D4DF8BA-7C9A-44F4-80AC-E1BBC9A4432B}.Ad-Hoc|iPhone.Build.0 = Release|Any CPU
		{2D4DF8BA-7C9A-44F4-80AC-E1BBC9A4432B}.Ad-Hoc|iPhone.Deploy.0 = Release|Any CPU
		{2D4DF8BA-7C9A-44F4-80AC-E1BBC9A4432B}.Ad-Hoc|iPhoneSimulator.ActiveCfg = Release|Any CPU
		{2D4DF8BA-7C9A-44F4-80AC-E1BBC9A4432B}.Ad-Hoc|iPhoneSimulator.Build.0 = Release|Any CPU
		{2D4DF8BA-7C9A-44F4-80AC-E1BBC9A4432B}.Ad-Hoc|iPhoneSimulator.Deploy.0 = Release|Any CPU
		{2D4DF8BA-7C9A-44F4-80AC-E1BBC9A4432B}.Ad-Hoc|x64.ActiveCfg = Release|Any CPU
		{2D4DF8BA-7C9A-44F4-80AC-E1BBC9A4432B}.Ad-Hoc|x64.Build.0 = Release|Any CPU
		{2D4DF8BA-7C9A-44F4-80AC-E1BBC9A4432B}.Ad-Hoc|x64.Deploy.0 = Release|Any CPU
		{2D4DF8BA-7C9A-44F4-80AC-E1BBC9A4432B}.Ad-Hoc|x86.ActiveCfg = Release|Any CPU
		{2D4DF8BA-7C9A-44F4-80AC-E1BBC9A4432B}.Ad-Hoc|x86.Build.0 = Release|Any CPU
		{2D4DF8BA-7C9A-44F4-80AC-E1BBC9A4432B}.Ad-Hoc|x86.Deploy.0 = Release|Any CPU
		{2D4DF8BA-7C9A-44F4-80AC-E1BBC9A4432B}.AppStore|Any CPU.ActiveCfg = Release|Any CPU
		{2D4DF8BA-7C9A-44F4-80AC-E1BBC9A4432B}.AppStore|Any CPU.Build.0 = Release|Any CPU
		{2D4DF8BA-7C9A-44F4-80AC-E1BBC9A4432B}.AppStore|Any CPU.Deploy.0 = Release|Any CPU
		{2D4DF8BA-7C9A-44F4-80AC-E1BBC9A4432B}.AppStore|ARM.ActiveCfg = Release|Any CPU
		{2D4DF8BA-7C9A-44F4-80AC-E1BBC9A4432B}.AppStore|ARM.Build.0 = Release|Any CPU
		{2D4DF8BA-7C9A-44F4-80AC-E1BBC9A4432B}.AppStore|ARM.Deploy.0 = Release|Any CPU
		{2D4DF8BA-7C9A-44F4-80AC-E1BBC9A4432B}.AppStore|iPhone.ActiveCfg = Release|Any CPU
		{2D4DF8BA-7C9A-44F4-80AC-E1BBC9A4432B}.AppStore|iPhone.Build.0 = Release|Any CPU
		{2D4DF8BA-7C9A-44F4-80AC-E1BBC9A4432B}.AppStore|iPhone.Deploy.0 = Release|Any CPU
		{2D4DF8BA-7C9A-44F4-80AC-E1BBC9A4432B}.AppStore|iPhoneSimulator.ActiveCfg = Release|Any CPU
		{2D4DF8BA-7C9A-44F4-80AC-E1BBC9A4432B}.AppStore|iPhoneSimulator.Build.0 = Release|Any CPU
		{2D4DF8BA-7C9A-44F4-80AC-E1BBC9A4432B}.AppStore|iPhoneSimulator.Deploy.0 = Release|Any CPU
		{2D4DF8BA-7C9A-44F4-80AC-E1BBC9A4432B}.AppStore|x64.ActiveCfg = Release|Any CPU
		{2D4DF8BA-7C9A-44F4-80AC-E1BBC9A4432B}.AppStore|x64.Build.0 = Release|Any CPU
		{2D4DF8BA-7C9A-44F4-80AC-E1BBC9A4432B}.AppStore|x64.Deploy.0 = Release|Any CPU
		{2D4DF8BA-7C9A-44F4-80AC-E1BBC9A4432B}.AppStore|x86.ActiveCfg = Release|Any CPU
		{2D4DF8BA-7C9A-44F4-80AC-E1BBC9A4432B}.AppStore|x86.Build.0 = Release|Any CPU
		{2D4DF8BA-7C9A-44F4-80AC-E1BBC9A4432B}.AppStore|x86.Deploy.0 = Release|Any CPU
		{2D4DF8BA-7C9A-44F4-80AC-E1BBC9A4432B}.Debug|Any CPU.ActiveCfg = Debug|Any CPU
		{2D4DF8BA-7C9A-44F4-80AC-E1BBC9A4432B}.Debug|Any CPU.Build.0 = Debug|Any CPU
		{2D4DF8BA-7C9A-44F4-80AC-E1BBC9A4432B}.Debug|Any CPU.Deploy.0 = Debug|Any CPU
		{2D4DF8BA-7C9A-44F4-80AC-E1BBC9A4432B}.Debug|ARM.ActiveCfg = Debug|Any CPU
		{2D4DF8BA-7C9A-44F4-80AC-E1BBC9A4432B}.Debug|ARM.Build.0 = Debug|Any CPU
		{2D4DF8BA-7C9A-44F4-80AC-E1BBC9A4432B}.Debug|ARM.Deploy.0 = Debug|Any CPU
		{2D4DF8BA-7C9A-44F4-80AC-E1BBC9A4432B}.Debug|iPhone.ActiveCfg = Debug|Any CPU
		{2D4DF8BA-7C9A-44F4-80AC-E1BBC9A4432B}.Debug|iPhone.Build.0 = Debug|Any CPU
		{2D4DF8BA-7C9A-44F4-80AC-E1BBC9A4432B}.Debug|iPhone.Deploy.0 = Debug|Any CPU
		{2D4DF8BA-7C9A-44F4-80AC-E1BBC9A4432B}.Debug|iPhoneSimulator.ActiveCfg = Debug|Any CPU
		{2D4DF8BA-7C9A-44F4-80AC-E1BBC9A4432B}.Debug|iPhoneSimulator.Build.0 = Debug|Any CPU
		{2D4DF8BA-7C9A-44F4-80AC-E1BBC9A4432B}.Debug|iPhoneSimulator.Deploy.0 = Debug|Any CPU
		{2D4DF8BA-7C9A-44F4-80AC-E1BBC9A4432B}.Debug|x64.ActiveCfg = Debug|Any CPU
		{2D4DF8BA-7C9A-44F4-80AC-E1BBC9A4432B}.Debug|x64.Build.0 = Debug|Any CPU
		{2D4DF8BA-7C9A-44F4-80AC-E1BBC9A4432B}.Debug|x64.Deploy.0 = Debug|Any CPU
		{2D4DF8BA-7C9A-44F4-80AC-E1BBC9A4432B}.Debug|x86.ActiveCfg = Debug|Any CPU
		{2D4DF8BA-7C9A-44F4-80AC-E1BBC9A4432B}.Debug|x86.Build.0 = Debug|Any CPU
		{2D4DF8BA-7C9A-44F4-80AC-E1BBC9A4432B}.Debug|x86.Deploy.0 = Debug|Any CPU
		{2D4DF8BA-7C9A-44F4-80AC-E1BBC9A4432B}.Release|Any CPU.ActiveCfg = Release|Any CPU
		{2D4DF8BA-7C9A-44F4-80AC-E1BBC9A4432B}.Release|Any CPU.Build.0 = Release|Any CPU
		{2D4DF8BA-7C9A-44F4-80AC-E1BBC9A4432B}.Release|Any CPU.Deploy.0 = Release|Any CPU
		{2D4DF8BA-7C9A-44F4-80AC-E1BBC9A4432B}.Release|ARM.ActiveCfg = Release|Any CPU
		{2D4DF8BA-7C9A-44F4-80AC-E1BBC9A4432B}.Release|ARM.Build.0 = Release|Any CPU
		{2D4DF8BA-7C9A-44F4-80AC-E1BBC9A4432B}.Release|ARM.Deploy.0 = Release|Any CPU
		{2D4DF8BA-7C9A-44F4-80AC-E1BBC9A4432B}.Release|iPhone.ActiveCfg = Release|Any CPU
		{2D4DF8BA-7C9A-44F4-80AC-E1BBC9A4432B}.Release|iPhone.Build.0 = Release|Any CPU
		{2D4DF8BA-7C9A-44F4-80AC-E1BBC9A4432B}.Release|iPhone.Deploy.0 = Release|Any CPU
		{2D4DF8BA-7C9A-44F4-80AC-E1BBC9A4432B}.Release|iPhoneSimulator.ActiveCfg = Release|Any CPU
		{2D4DF8BA-7C9A-44F4-80AC-E1BBC9A4432B}.Release|iPhoneSimulator.Build.0 = Release|Any CPU
		{2D4DF8BA-7C9A-44F4-80AC-E1BBC9A4432B}.Release|iPhoneSimulator.Deploy.0 = Release|Any CPU
		{2D4DF8BA-7C9A-44F4-80AC-E1BBC9A4432B}.Release|x64.ActiveCfg = Release|Any CPU
		{2D4DF8BA-7C9A-44F4-80AC-E1BBC9A4432B}.Release|x64.Build.0 = Release|Any CPU
		{2D4DF8BA-7C9A-44F4-80AC-E1BBC9A4432B}.Release|x64.Deploy.0 = Release|Any CPU
		{2D4DF8BA-7C9A-44F4-80AC-E1BBC9A4432B}.Release|x86.ActiveCfg = Release|Any CPU
		{2D4DF8BA-7C9A-44F4-80AC-E1BBC9A4432B}.Release|x86.Build.0 = Release|Any CPU
		{2D4DF8BA-7C9A-44F4-80AC-E1BBC9A4432B}.Release|x86.Deploy.0 = Release|Any CPU
		{0132C845-042E-42D4-9CB1-A80304A7C5A5}.Ad-Hoc|Any CPU.ActiveCfg = Ad-Hoc|iPhone
		{0132C845-042E-42D4-9CB1-A80304A7C5A5}.Ad-Hoc|Any CPU.Build.0 = Ad-Hoc|iPhone
		{0132C845-042E-42D4-9CB1-A80304A7C5A5}.Ad-Hoc|Any CPU.Deploy.0 = Ad-Hoc|iPhone
		{0132C845-042E-42D4-9CB1-A80304A7C5A5}.Ad-Hoc|ARM.ActiveCfg = Ad-Hoc|iPhone
		{0132C845-042E-42D4-9CB1-A80304A7C5A5}.Ad-Hoc|ARM.Build.0 = Ad-Hoc|iPhone
		{0132C845-042E-42D4-9CB1-A80304A7C5A5}.Ad-Hoc|ARM.Deploy.0 = Ad-Hoc|iPhone
		{0132C845-042E-42D4-9CB1-A80304A7C5A5}.Ad-Hoc|iPhone.ActiveCfg = Ad-Hoc|iPhone
		{0132C845-042E-42D4-9CB1-A80304A7C5A5}.Ad-Hoc|iPhone.Build.0 = Ad-Hoc|iPhone
		{0132C845-042E-42D4-9CB1-A80304A7C5A5}.Ad-Hoc|iPhone.Deploy.0 = Ad-Hoc|iPhone
		{0132C845-042E-42D4-9CB1-A80304A7C5A5}.Ad-Hoc|iPhoneSimulator.ActiveCfg = Ad-Hoc|iPhoneSimulator
		{0132C845-042E-42D4-9CB1-A80304A7C5A5}.Ad-Hoc|iPhoneSimulator.Build.0 = Ad-Hoc|iPhoneSimulator
		{0132C845-042E-42D4-9CB1-A80304A7C5A5}.Ad-Hoc|iPhoneSimulator.Deploy.0 = Ad-Hoc|iPhoneSimulator
		{0132C845-042E-42D4-9CB1-A80304A7C5A5}.Ad-Hoc|x64.ActiveCfg = Ad-Hoc|iPhone
		{0132C845-042E-42D4-9CB1-A80304A7C5A5}.Ad-Hoc|x64.Build.0 = Ad-Hoc|iPhone
		{0132C845-042E-42D4-9CB1-A80304A7C5A5}.Ad-Hoc|x64.Deploy.0 = Ad-Hoc|iPhone
		{0132C845-042E-42D4-9CB1-A80304A7C5A5}.Ad-Hoc|x86.ActiveCfg = Ad-Hoc|iPhone
		{0132C845-042E-42D4-9CB1-A80304A7C5A5}.Ad-Hoc|x86.Build.0 = Ad-Hoc|iPhone
		{0132C845-042E-42D4-9CB1-A80304A7C5A5}.Ad-Hoc|x86.Deploy.0 = Ad-Hoc|iPhone
		{0132C845-042E-42D4-9CB1-A80304A7C5A5}.AppStore|Any CPU.ActiveCfg = AppStore|iPhone
		{0132C845-042E-42D4-9CB1-A80304A7C5A5}.AppStore|Any CPU.Build.0 = AppStore|iPhone
		{0132C845-042E-42D4-9CB1-A80304A7C5A5}.AppStore|Any CPU.Deploy.0 = AppStore|iPhone
		{0132C845-042E-42D4-9CB1-A80304A7C5A5}.AppStore|ARM.ActiveCfg = AppStore|iPhone
		{0132C845-042E-42D4-9CB1-A80304A7C5A5}.AppStore|ARM.Build.0 = AppStore|iPhone
		{0132C845-042E-42D4-9CB1-A80304A7C5A5}.AppStore|ARM.Deploy.0 = AppStore|iPhone
		{0132C845-042E-42D4-9CB1-A80304A7C5A5}.AppStore|iPhone.ActiveCfg = AppStore|iPhone
		{0132C845-042E-42D4-9CB1-A80304A7C5A5}.AppStore|iPhone.Build.0 = AppStore|iPhone
		{0132C845-042E-42D4-9CB1-A80304A7C5A5}.AppStore|iPhone.Deploy.0 = AppStore|iPhone
		{0132C845-042E-42D4-9CB1-A80304A7C5A5}.AppStore|iPhoneSimulator.ActiveCfg = AppStore|iPhoneSimulator
		{0132C845-042E-42D4-9CB1-A80304A7C5A5}.AppStore|iPhoneSimulator.Build.0 = AppStore|iPhoneSimulator
		{0132C845-042E-42D4-9CB1-A80304A7C5A5}.AppStore|iPhoneSimulator.Deploy.0 = AppStore|iPhoneSimulator
		{0132C845-042E-42D4-9CB1-A80304A7C5A5}.AppStore|x64.ActiveCfg = AppStore|iPhone
		{0132C845-042E-42D4-9CB1-A80304A7C5A5}.AppStore|x64.Build.0 = AppStore|iPhone
		{0132C845-042E-42D4-9CB1-A80304A7C5A5}.AppStore|x64.Deploy.0 = AppStore|iPhone
		{0132C845-042E-42D4-9CB1-A80304A7C5A5}.AppStore|x86.ActiveCfg = AppStore|iPhone
		{0132C845-042E-42D4-9CB1-A80304A7C5A5}.AppStore|x86.Build.0 = AppStore|iPhone
		{0132C845-042E-42D4-9CB1-A80304A7C5A5}.AppStore|x86.Deploy.0 = AppStore|iPhone
		{0132C845-042E-42D4-9CB1-A80304A7C5A5}.Debug|Any CPU.ActiveCfg = Debug|iPhone
		{0132C845-042E-42D4-9CB1-A80304A7C5A5}.Debug|Any CPU.Build.0 = Debug|iPhone
		{0132C845-042E-42D4-9CB1-A80304A7C5A5}.Debug|Any CPU.Deploy.0 = Debug|iPhone
		{0132C845-042E-42D4-9CB1-A80304A7C5A5}.Debug|ARM.ActiveCfg = Debug|iPhoneSimulator
		{0132C845-042E-42D4-9CB1-A80304A7C5A5}.Debug|ARM.Build.0 = Debug|iPhoneSimulator
		{0132C845-042E-42D4-9CB1-A80304A7C5A5}.Debug|ARM.Deploy.0 = Debug|iPhoneSimulator
		{0132C845-042E-42D4-9CB1-A80304A7C5A5}.Debug|iPhone.ActiveCfg = Debug|iPhone
		{0132C845-042E-42D4-9CB1-A80304A7C5A5}.Debug|iPhone.Build.0 = Debug|iPhone
		{0132C845-042E-42D4-9CB1-A80304A7C5A5}.Debug|iPhone.Deploy.0 = Debug|iPhone
		{0132C845-042E-42D4-9CB1-A80304A7C5A5}.Debug|iPhoneSimulator.ActiveCfg = Debug|iPhoneSimulator
		{0132C845-042E-42D4-9CB1-A80304A7C5A5}.Debug|iPhoneSimulator.Build.0 = Debug|iPhoneSimulator
		{0132C845-042E-42D4-9CB1-A80304A7C5A5}.Debug|iPhoneSimulator.Deploy.0 = Debug|iPhoneSimulator
		{0132C845-042E-42D4-9CB1-A80304A7C5A5}.Debug|x64.ActiveCfg = Debug|iPhone
		{0132C845-042E-42D4-9CB1-A80304A7C5A5}.Debug|x64.Build.0 = Debug|iPhone
		{0132C845-042E-42D4-9CB1-A80304A7C5A5}.Debug|x64.Deploy.0 = Debug|iPhone
		{0132C845-042E-42D4-9CB1-A80304A7C5A5}.Debug|x86.ActiveCfg = Debug|iPhone
		{0132C845-042E-42D4-9CB1-A80304A7C5A5}.Debug|x86.Build.0 = Debug|iPhone
		{0132C845-042E-42D4-9CB1-A80304A7C5A5}.Debug|x86.Deploy.0 = Debug|iPhone
		{0132C845-042E-42D4-9CB1-A80304A7C5A5}.Release|Any CPU.ActiveCfg = Release|iPhone
		{0132C845-042E-42D4-9CB1-A80304A7C5A5}.Release|Any CPU.Build.0 = Release|iPhone
		{0132C845-042E-42D4-9CB1-A80304A7C5A5}.Release|Any CPU.Deploy.0 = Release|iPhone
		{0132C845-042E-42D4-9CB1-A80304A7C5A5}.Release|ARM.ActiveCfg = Release|iPhone
		{0132C845-042E-42D4-9CB1-A80304A7C5A5}.Release|ARM.Build.0 = Release|iPhone
		{0132C845-042E-42D4-9CB1-A80304A7C5A5}.Release|ARM.Deploy.0 = Release|iPhone
		{0132C845-042E-42D4-9CB1-A80304A7C5A5}.Release|iPhone.ActiveCfg = Release|iPhone
		{0132C845-042E-42D4-9CB1-A80304A7C5A5}.Release|iPhone.Build.0 = Release|iPhone
		{0132C845-042E-42D4-9CB1-A80304A7C5A5}.Release|iPhone.Deploy.0 = Release|iPhone
		{0132C845-042E-42D4-9CB1-A80304A7C5A5}.Release|iPhoneSimulator.ActiveCfg = Release|iPhoneSimulator
		{0132C845-042E-42D4-9CB1-A80304A7C5A5}.Release|iPhoneSimulator.Build.0 = Release|iPhoneSimulator
		{0132C845-042E-42D4-9CB1-A80304A7C5A5}.Release|iPhoneSimulator.Deploy.0 = Release|iPhoneSimulator
		{0132C845-042E-42D4-9CB1-A80304A7C5A5}.Release|x64.ActiveCfg = Release|iPhone
		{0132C845-042E-42D4-9CB1-A80304A7C5A5}.Release|x64.Build.0 = Release|iPhone
		{0132C845-042E-42D4-9CB1-A80304A7C5A5}.Release|x64.Deploy.0 = Release|iPhone
		{0132C845-042E-42D4-9CB1-A80304A7C5A5}.Release|x86.ActiveCfg = Release|iPhone
		{0132C845-042E-42D4-9CB1-A80304A7C5A5}.Release|x86.Build.0 = Release|iPhone
		{0132C845-042E-42D4-9CB1-A80304A7C5A5}.Release|x86.Deploy.0 = Release|iPhone
		{79380AE8-0DA7-451A-9849-8D0FBEF3F4B3}.Ad-Hoc|Any CPU.ActiveCfg = Debug|Any CPU
		{79380AE8-0DA7-451A-9849-8D0FBEF3F4B3}.Ad-Hoc|Any CPU.Build.0 = Debug|Any CPU
		{79380AE8-0DA7-451A-9849-8D0FBEF3F4B3}.Ad-Hoc|Any CPU.Deploy.0 = Debug|Any CPU
		{79380AE8-0DA7-451A-9849-8D0FBEF3F4B3}.Ad-Hoc|ARM.ActiveCfg = Debug|Any CPU
		{79380AE8-0DA7-451A-9849-8D0FBEF3F4B3}.Ad-Hoc|ARM.Build.0 = Debug|Any CPU
		{79380AE8-0DA7-451A-9849-8D0FBEF3F4B3}.Ad-Hoc|ARM.Deploy.0 = Debug|Any CPU
		{79380AE8-0DA7-451A-9849-8D0FBEF3F4B3}.Ad-Hoc|iPhone.ActiveCfg = Debug|Any CPU
		{79380AE8-0DA7-451A-9849-8D0FBEF3F4B3}.Ad-Hoc|iPhone.Build.0 = Debug|Any CPU
		{79380AE8-0DA7-451A-9849-8D0FBEF3F4B3}.Ad-Hoc|iPhone.Deploy.0 = Debug|Any CPU
		{79380AE8-0DA7-451A-9849-8D0FBEF3F4B3}.Ad-Hoc|iPhoneSimulator.ActiveCfg = Debug|Any CPU
		{79380AE8-0DA7-451A-9849-8D0FBEF3F4B3}.Ad-Hoc|iPhoneSimulator.Build.0 = Debug|Any CPU
		{79380AE8-0DA7-451A-9849-8D0FBEF3F4B3}.Ad-Hoc|iPhoneSimulator.Deploy.0 = Debug|Any CPU
		{79380AE8-0DA7-451A-9849-8D0FBEF3F4B3}.Ad-Hoc|x64.ActiveCfg = Debug|Any CPU
		{79380AE8-0DA7-451A-9849-8D0FBEF3F4B3}.Ad-Hoc|x64.Build.0 = Debug|Any CPU
		{79380AE8-0DA7-451A-9849-8D0FBEF3F4B3}.Ad-Hoc|x64.Deploy.0 = Debug|Any CPU
		{79380AE8-0DA7-451A-9849-8D0FBEF3F4B3}.Ad-Hoc|x86.ActiveCfg = Debug|Any CPU
		{79380AE8-0DA7-451A-9849-8D0FBEF3F4B3}.Ad-Hoc|x86.Build.0 = Debug|Any CPU
		{79380AE8-0DA7-451A-9849-8D0FBEF3F4B3}.Ad-Hoc|x86.Deploy.0 = Debug|Any CPU
		{79380AE8-0DA7-451A-9849-8D0FBEF3F4B3}.AppStore|Any CPU.ActiveCfg = Debug|Any CPU
		{79380AE8-0DA7-451A-9849-8D0FBEF3F4B3}.AppStore|Any CPU.Build.0 = Debug|Any CPU
		{79380AE8-0DA7-451A-9849-8D0FBEF3F4B3}.AppStore|Any CPU.Deploy.0 = Debug|Any CPU
		{79380AE8-0DA7-451A-9849-8D0FBEF3F4B3}.AppStore|ARM.ActiveCfg = Debug|Any CPU
		{79380AE8-0DA7-451A-9849-8D0FBEF3F4B3}.AppStore|ARM.Build.0 = Debug|Any CPU
		{79380AE8-0DA7-451A-9849-8D0FBEF3F4B3}.AppStore|ARM.Deploy.0 = Debug|Any CPU
		{79380AE8-0DA7-451A-9849-8D0FBEF3F4B3}.AppStore|iPhone.ActiveCfg = Debug|Any CPU
		{79380AE8-0DA7-451A-9849-8D0FBEF3F4B3}.AppStore|iPhone.Build.0 = Debug|Any CPU
		{79380AE8-0DA7-451A-9849-8D0FBEF3F4B3}.AppStore|iPhone.Deploy.0 = Debug|Any CPU
		{79380AE8-0DA7-451A-9849-8D0FBEF3F4B3}.AppStore|iPhoneSimulator.ActiveCfg = Debug|Any CPU
		{79380AE8-0DA7-451A-9849-8D0FBEF3F4B3}.AppStore|iPhoneSimulator.Build.0 = Debug|Any CPU
		{79380AE8-0DA7-451A-9849-8D0FBEF3F4B3}.AppStore|iPhoneSimulator.Deploy.0 = Debug|Any CPU
		{79380AE8-0DA7-451A-9849-8D0FBEF3F4B3}.AppStore|x64.ActiveCfg = Debug|Any CPU
		{79380AE8-0DA7-451A-9849-8D0FBEF3F4B3}.AppStore|x64.Build.0 = Debug|Any CPU
		{79380AE8-0DA7-451A-9849-8D0FBEF3F4B3}.AppStore|x64.Deploy.0 = Debug|Any CPU
		{79380AE8-0DA7-451A-9849-8D0FBEF3F4B3}.AppStore|x86.ActiveCfg = Debug|Any CPU
		{79380AE8-0DA7-451A-9849-8D0FBEF3F4B3}.AppStore|x86.Build.0 = Debug|Any CPU
		{79380AE8-0DA7-451A-9849-8D0FBEF3F4B3}.AppStore|x86.Deploy.0 = Debug|Any CPU
		{79380AE8-0DA7-451A-9849-8D0FBEF3F4B3}.Debug|Any CPU.ActiveCfg = Debug|Any CPU
		{79380AE8-0DA7-451A-9849-8D0FBEF3F4B3}.Debug|Any CPU.Build.0 = Debug|Any CPU
		{79380AE8-0DA7-451A-9849-8D0FBEF3F4B3}.Debug|Any CPU.Deploy.0 = Debug|Any CPU
		{79380AE8-0DA7-451A-9849-8D0FBEF3F4B3}.Debug|ARM.ActiveCfg = Debug|Any CPU
		{79380AE8-0DA7-451A-9849-8D0FBEF3F4B3}.Debug|ARM.Build.0 = Debug|Any CPU
		{79380AE8-0DA7-451A-9849-8D0FBEF3F4B3}.Debug|ARM.Deploy.0 = Debug|Any CPU
		{79380AE8-0DA7-451A-9849-8D0FBEF3F4B3}.Debug|iPhone.ActiveCfg = Debug|Any CPU
		{79380AE8-0DA7-451A-9849-8D0FBEF3F4B3}.Debug|iPhone.Build.0 = Debug|Any CPU
		{79380AE8-0DA7-451A-9849-8D0FBEF3F4B3}.Debug|iPhone.Deploy.0 = Debug|Any CPU
		{79380AE8-0DA7-451A-9849-8D0FBEF3F4B3}.Debug|iPhoneSimulator.ActiveCfg = Debug|Any CPU
		{79380AE8-0DA7-451A-9849-8D0FBEF3F4B3}.Debug|iPhoneSimulator.Build.0 = Debug|Any CPU
		{79380AE8-0DA7-451A-9849-8D0FBEF3F4B3}.Debug|iPhoneSimulator.Deploy.0 = Debug|Any CPU
		{79380AE8-0DA7-451A-9849-8D0FBEF3F4B3}.Debug|x64.ActiveCfg = Debug|Any CPU
		{79380AE8-0DA7-451A-9849-8D0FBEF3F4B3}.Debug|x64.Build.0 = Debug|Any CPU
		{79380AE8-0DA7-451A-9849-8D0FBEF3F4B3}.Debug|x64.Deploy.0 = Debug|Any CPU
		{79380AE8-0DA7-451A-9849-8D0FBEF3F4B3}.Debug|x86.ActiveCfg = Debug|Any CPU
		{79380AE8-0DA7-451A-9849-8D0FBEF3F4B3}.Debug|x86.Build.0 = Debug|Any CPU
		{79380AE8-0DA7-451A-9849-8D0FBEF3F4B3}.Debug|x86.Deploy.0 = Debug|Any CPU
		{79380AE8-0DA7-451A-9849-8D0FBEF3F4B3}.Release|Any CPU.ActiveCfg = Release|Any CPU
		{79380AE8-0DA7-451A-9849-8D0FBEF3F4B3}.Release|Any CPU.Build.0 = Release|Any CPU
		{79380AE8-0DA7-451A-9849-8D0FBEF3F4B3}.Release|Any CPU.Deploy.0 = Release|Any CPU
		{79380AE8-0DA7-451A-9849-8D0FBEF3F4B3}.Release|ARM.ActiveCfg = Release|Any CPU
		{79380AE8-0DA7-451A-9849-8D0FBEF3F4B3}.Release|ARM.Build.0 = Release|Any CPU
		{79380AE8-0DA7-451A-9849-8D0FBEF3F4B3}.Release|ARM.Deploy.0 = Release|Any CPU
		{79380AE8-0DA7-451A-9849-8D0FBEF3F4B3}.Release|iPhone.ActiveCfg = Release|Any CPU
		{79380AE8-0DA7-451A-9849-8D0FBEF3F4B3}.Release|iPhone.Build.0 = Release|Any CPU
		{79380AE8-0DA7-451A-9849-8D0FBEF3F4B3}.Release|iPhone.Deploy.0 = Release|Any CPU
		{79380AE8-0DA7-451A-9849-8D0FBEF3F4B3}.Release|iPhoneSimulator.ActiveCfg = Release|Any CPU
		{79380AE8-0DA7-451A-9849-8D0FBEF3F4B3}.Release|iPhoneSimulator.Build.0 = Release|Any CPU
		{79380AE8-0DA7-451A-9849-8D0FBEF3F4B3}.Release|iPhoneSimulator.Deploy.0 = Release|Any CPU
		{79380AE8-0DA7-451A-9849-8D0FBEF3F4B3}.Release|x64.ActiveCfg = Release|Any CPU
		{79380AE8-0DA7-451A-9849-8D0FBEF3F4B3}.Release|x64.Build.0 = Release|Any CPU
		{79380AE8-0DA7-451A-9849-8D0FBEF3F4B3}.Release|x64.Deploy.0 = Release|Any CPU
		{79380AE8-0DA7-451A-9849-8D0FBEF3F4B3}.Release|x86.ActiveCfg = Release|Any CPU
		{79380AE8-0DA7-451A-9849-8D0FBEF3F4B3}.Release|x86.Build.0 = Release|Any CPU
		{79380AE8-0DA7-451A-9849-8D0FBEF3F4B3}.Release|x86.Deploy.0 = Release|Any CPU
	EndGlobalSection
	GlobalSection(SolutionProperties) = preSolution
		HideSolutionNode = FALSE
	EndGlobalSection
	GlobalSection(ExtensibilityGlobals) = postSolution
		SolutionGuid = {10AFADDE-9A11-40CF-9DD9-E5EF21DEB50C}
	EndGlobalSection
EndGlobal
